
Microsoft Visual Studio Solution File, Format Version 12.00
# Visual Studio Version 16
VisualStudioVersion = 16.0.28803.156
MinimumVisualStudioVersion = 10.0.40219.1
Project("{9A19103F-16F7-4668-BE54-9A1E7A4F7556}") = "DatabaseSyncWorker", "Workers\DatabaseSyncWorker\DatabaseSyncWorker.csproj", "{E0BFDA93-0CC5-42C7-83BE-5D4573048284}"
	ProjectSection(ProjectDependencies) = postProject
		{7D4FCE2D-E139-4CAA-92A0-03E2586C3A04} = {7D4FCE2D-E139-4CAA-92A0-03E2586C3A04}
	EndProjectSection
EndProject
Project("{9A19103F-16F7-4668-BE54-9A1E7A4F7556}") = "GeneratedCode", "GeneratedCode\GeneratedCode.csproj", "{7D4FCE2D-E139-4CAA-92A0-03E2586C3A04}"
EndProject
Project("{9A19103F-16F7-4668-BE54-9A1E7A4F7556}") = "CSharpCodeGenerator", "CSharpCodeGenerator\CSharpCodeGenerator\CSharpCodeGenerator.csproj", "{F1E2ECD6-1998-479F-AF15-D3B3131BAD5A}"
EndProject
Project("{2150E333-8FDC-42A3-9474-1A3956D46DE8}") = "Workers", "Workers", "{382C3281-9759-41CE-B25C-34ACACE3A3A8}"
EndProject
Project("{2150E333-8FDC-42A3-9474-1A3956D46DE8}") = "CSharpCodeGenerator", "CSharpCodeGenerator", "{31E97862-E04A-4EB5-9EBA-AFDB0F453BA6}"
EndProject
Project("{9A19103F-16F7-4668-BE54-9A1E7A4F7556}") = "BootstrapEnv", "BootstrapEnv\BootstrapEnv.csproj", "{B54DFDB5-4E63-4249-AAD9-AD652A815395}"
EndProject
Global
	GlobalSection(SolutionConfigurationPlatforms) = preSolution
		Debug|Any CPU = Debug|Any CPU
		Debug|x64 = Debug|x64
		Release|Any CPU = Release|Any CPU
		Release|x64 = Release|x64
	EndGlobalSection
	GlobalSection(ProjectConfigurationPlatforms) = postSolution
		{E0BFDA93-0CC5-42C7-83BE-5D4573048284}.Debug|Any CPU.ActiveCfg = Debug|x64
		{E0BFDA93-0CC5-42C7-83BE-5D4573048284}.Debug|x64.ActiveCfg = Debug|x64
		{E0BFDA93-0CC5-42C7-83BE-5D4573048284}.Debug|x64.Build.0 = Debug|x64
		{E0BFDA93-0CC5-42C7-83BE-5D4573048284}.Release|Any CPU.ActiveCfg = Release|x64
		{E0BFDA93-0CC5-42C7-83BE-5D4573048284}.Release|x64.ActiveCfg = Release|x64
		{E0BFDA93-0CC5-42C7-83BE-5D4573048284}.Release|x64.Build.0 = Release|x64
		{7D4FCE2D-E139-4CAA-92A0-03E2586C3A04}.Debug|Any CPU.ActiveCfg = Debug|x64
		{7D4FCE2D-E139-4CAA-92A0-03E2586C3A04}.Debug|x64.ActiveCfg = Debug|x64
		{7D4FCE2D-E139-4CAA-92A0-03E2586C3A04}.Debug|x64.Build.0 = Debug|x64
		{7D4FCE2D-E139-4CAA-92A0-03E2586C3A04}.Release|Any CPU.ActiveCfg = Release|x64
		{7D4FCE2D-E139-4CAA-92A0-03E2586C3A04}.Release|x64.ActiveCfg = Release|x64
		{7D4FCE2D-E139-4CAA-92A0-03E2586C3A04}.Release|x64.Build.0 = Release|x64
		{F1E2ECD6-1998-479F-AF15-D3B3131BAD5A}.Debug|Any CPU.ActiveCfg = Debug|Any CPU
		{F1E2ECD6-1998-479F-AF15-D3B3131BAD5A}.Debug|Any CPU.Build.0 = Debug|Any CPU
		{F1E2ECD6-1998-479F-AF15-D3B3131BAD5A}.Debug|x64.ActiveCfg = Debug|Any CPU
		{F1E2ECD6-1998-479F-AF15-D3B3131BAD5A}.Debug|x64.Build.0 = Debug|Any CPU
		{F1E2ECD6-1998-479F-AF15-D3B3131BAD5A}.Release|Any CPU.ActiveCfg = Release|Any CPU
		{F1E2ECD6-1998-479F-AF15-D3B3131BAD5A}.Release|Any CPU.Build.0 = Release|Any CPU
		{F1E2ECD6-1998-479F-AF15-D3B3131BAD5A}.Release|x64.ActiveCfg = Release|Any CPU
		{F1E2ECD6-1998-479F-AF15-D3B3131BAD5A}.Release|x64.Build.0 = Release|Any CPU
		{B54DFDB5-4E63-4249-AAD9-AD652A815395}.Debug|Any CPU.ActiveCfg = Debug|x64
		{B54DFDB5-4E63-4249-AAD9-AD652A815395}.Debug|x64.ActiveCfg = Debug|x64
		{B54DFDB5-4E63-4249-AAD9-AD652A815395}.Debug|x64.Build.0 = Debug|x64
		{B54DFDB5-4E63-4249-AAD9-AD652A815395}.Release|Any CPU.ActiveCfg = Release|x64
		{B54DFDB5-4E63-4249-AAD9-AD652A815395}.Release|x64.ActiveCfg = Release|x64
		{B54DFDB5-4E63-4249-AAD9-AD652A815395}.Release|x64.Build.0 = Release|x64
	EndGlobalSection
	GlobalSection(SolutionProperties) = preSolution
		HideSolutionNode = FALSE
	EndGlobalSection
	GlobalSection(NestedProjects) = preSolution
		{E0BFDA93-0CC5-42C7-83BE-5D4573048284} = {382C3281-9759-41CE-B25C-34ACACE3A3A8}
		{F1E2ECD6-1998-479F-AF15-D3B3131BAD5A} = {31E97862-E04A-4EB5-9EBA-AFDB0F453BA6}
	EndGlobalSection
	GlobalSection(ExtensibilityGlobals) = postSolution
		SolutionGuid = {537C533D-AF97-4BAC-B19F-E3E67510ABE3}
	EndGlobalSection
EndGlobal
