
Microsoft Visual Studio Solution File, Format Version 12.00
# Visual Studio Version 16
VisualStudioVersion = 16.0.29001.49
MinimumVisualStudioVersion = 15.0.26124.0
Project("{9A19103F-16F7-4668-BE54-9A1E7A4F7556}") = "Improbable.Stdlib", "Stdlib\Improbable.Stdlib\Improbable.Stdlib.csproj", "{7F5A0CAD-5978-4138-AC56-06152C80AE65}"
	ProjectSection(ProjectDependencies) = postProject
		{FBCAF578-48F2-4FD4-BC92-5E94BE668A29} = {FBCAF578-48F2-4FD4-BC92-5E94BE668A29}
	EndProjectSection
EndProject
Project("{9A19103F-16F7-4668-BE54-9A1E7A4F7556}") = "Improbable.Schema.Compiler", "Schema\Improbable.Schema.Compiler\Improbable.Schema.Compiler.csproj", "{E572AC04-5FDC-4C1D-9F01-9DAB73366C72}"
EndProject
Project("{9A19103F-16F7-4668-BE54-9A1E7A4F7556}") = "Improbable.WorkerSdkInterop", "WorkerSdkInterop\Improbable.WorkerSdkInterop\Improbable.WorkerSdkInterop.csproj", "{FBCAF578-48F2-4FD4-BC92-5E94BE668A29}"
EndProject
Project("{9A19103F-16F7-4668-BE54-9A1E7A4F7556}") = "Improbable.DatabaseSync", "DatabaseSync\Improbable.DatabaseSync\Improbable.DatabaseSync.csproj", "{F8837749-A737-4FAB-B235-1035E1BBA3C2}"
EndProject
Project("{9A19103F-16F7-4668-BE54-9A1E7A4F7556}") = "Improbable.Postgres", "Postgres\Improbable.Postgres\Improbable.Postgres.csproj", "{F907D3BB-2F1A-4FA9-B543-2900515B22BE}"
	ProjectSection(ProjectDependencies) = postProject
		{FBCAF578-48F2-4FD4-BC92-5E94BE668A29} = {FBCAF578-48F2-4FD4-BC92-5E94BE668A29}
	EndProjectSection
EndProject
Project("{9A19103F-16F7-4668-BE54-9A1E7A4F7556}") = "Improbable.Stdlib.CSharpCodeGen", "Stdlib\Improbable.Stdlib.CSharpCodeGen\Improbable.Stdlib.CSharpCodeGen.csproj", "{DABB24E6-33E0-4D17-9B44-54F5459CA261}"
EndProject
Project("{9A19103F-16F7-4668-BE54-9A1E7A4F7556}") = "Improbable.CSharpCodeGen", "Improbable.CSharpCodeGen\Improbable.CSharpCodeGen.csproj", "{95549903-12F8-45D0-B7EF-4484664DD198}"
EndProject
Project("{9A19103F-16F7-4668-BE54-9A1E7A4F7556}") = "Improbable.DatabaseSync.CSharpCodeGen", "DatabaseSync\Improbable.DatabaseSync.CSharpCodeGen\Improbable.DatabaseSync.CSharpCodeGen.csproj", "{DB3E46F4-A817-452B-B87D-C5FDB3AE018F}"
EndProject
Project("{9A19103F-16F7-4668-BE54-9A1E7A4F7556}") = "Improbable.Postgres.CSharpCodeGen", "Postgres\Improbable.Postgres.CSharpCodeGen\Improbable.Postgres.CSharpCodeGen.csproj", "{BADC7852-EF28-4C71-B54A-D978DD11D40F}"
EndProject
Project("{9A19103F-16F7-4668-BE54-9A1E7A4F7556}") = "Improbable.Schema.Bundle", "Schema\Improbable.Schema.Bundle\Improbable.Schema.Bundle.csproj", "{83C0EA8C-5478-4130-9046-5F7EAB9014E6}"
EndProject
Project("{9A19103F-16F7-4668-BE54-9A1E7A4F7556}") = "Improbable.DatabaseSync.Schema", "DatabaseSync\Improbable.DatabaseSync.Schema\Improbable.DatabaseSync.Schema.csproj", "{67DACA8E-400C-4D2B-9374-FD41BDA33725}"
EndProject
Project("{9A19103F-16F7-4668-BE54-9A1E7A4F7556}") = "Improbable.Postgres.Schema", "Postgres\Improbable.Postgres.Schema\Improbable.Postgres.Schema.csproj", "{FE89A825-D762-43D3-9AE5-CC5577E3FC15}"
EndProject
Project("{9A19103F-16F7-4668-BE54-9A1E7A4F7556}") = "Improbable.Stdlib.Schema", "Stdlib\Improbable.Stdlib.Schema\Improbable.Stdlib.Schema.csproj", "{40C770FE-A656-4219-9111-7DB3C92F2AEF}"
EndProject
Project("{9A19103F-16F7-4668-BE54-9A1E7A4F7556}") = "Improbable.Test.Schema", "Test\Improbable.Test.Schema\Improbable.Test.Schema.csproj", "{DE68E982-D876-42EA-B1CA-66EB1F00D9FE}"
EndProject
Project("{2150E333-8FDC-42A3-9474-1A3956D46DE8}") = "DatabaseSync", "DatabaseSync", "{834250E5-88E3-4B8A-8F14-7FDD2659964E}"
EndProject
Project("{2150E333-8FDC-42A3-9474-1A3956D46DE8}") = "Postgres", "Postgres", "{C423F1D4-2A09-493A-A458-BA787A8F4FBD}"
EndProject
Project("{2150E333-8FDC-42A3-9474-1A3956D46DE8}") = "Schema", "Schema", "{2D855D89-9F66-40E7-BE47-B5C23F7C72EC}"
EndProject
Project("{2150E333-8FDC-42A3-9474-1A3956D46DE8}") = "Test", "Test", "{4C18BB52-B769-434C-9FB9-FF4F6BFF7CD2}"
EndProject
Project("{2150E333-8FDC-42A3-9474-1A3956D46DE8}") = "Stdlib", "Stdlib", "{1E8DCCB5-D990-47E1-9CC9-74ECC59FE2FB}"
EndProject
Project("{2150E333-8FDC-42A3-9474-1A3956D46DE8}") = "WorkerSdkInterop", "WorkerSdkInterop", "{35DD8D83-78D8-4047-8D20-17A1AF6F31DD}"
EndProject
Project("{9A19103F-16F7-4668-BE54-9A1E7A4F7556}") = "Improbable.WorkerSdkInterop.CSharpCodeGen", "WorkerSdkInterop\Improbable.WorkerSdkInterop.CSharpCodegen\Improbable.WorkerSdkInterop.CSharpCodeGen.csproj", "{BE41E27A-B0B2-4FE7-A38C-9E706EB4F78F}"
EndProject
Project("{9A19103F-16F7-4668-BE54-9A1E7A4F7556}") = "Improbable.Test", "Test\Improbable.Test\Improbable.Test.csproj", "{6FF85682-1D01-49FA-A504-2CD4BF304E1E}"
EndProject
Global
	GlobalSection(SolutionConfigurationPlatforms) = preSolution
		Debug|Any CPU = Debug|Any CPU
		Debug|x64 = Debug|x64
		Release|Any CPU = Release|Any CPU
		Release|x64 = Release|x64
	EndGlobalSection
	GlobalSection(ProjectConfigurationPlatforms) = postSolution
		{7F5A0CAD-5978-4138-AC56-06152C80AE65}.Debug|Any CPU.ActiveCfg = Debug|x64
		{7F5A0CAD-5978-4138-AC56-06152C80AE65}.Debug|Any CPU.Build.0 = Debug|x64
		{7F5A0CAD-5978-4138-AC56-06152C80AE65}.Debug|x64.ActiveCfg = Debug|x64
		{7F5A0CAD-5978-4138-AC56-06152C80AE65}.Debug|x64.Build.0 = Debug|x64
		{7F5A0CAD-5978-4138-AC56-06152C80AE65}.Release|Any CPU.ActiveCfg = Release|x64
		{7F5A0CAD-5978-4138-AC56-06152C80AE65}.Release|Any CPU.Build.0 = Release|x64
		{7F5A0CAD-5978-4138-AC56-06152C80AE65}.Release|x64.ActiveCfg = Release|x64
		{7F5A0CAD-5978-4138-AC56-06152C80AE65}.Release|x64.Build.0 = Release|x64
		{E572AC04-5FDC-4C1D-9F01-9DAB73366C72}.Debug|Any CPU.ActiveCfg = Debug|Any CPU
		{E572AC04-5FDC-4C1D-9F01-9DAB73366C72}.Debug|Any CPU.Build.0 = Debug|Any CPU
		{E572AC04-5FDC-4C1D-9F01-9DAB73366C72}.Debug|x64.ActiveCfg = Debug|Any CPU
		{E572AC04-5FDC-4C1D-9F01-9DAB73366C72}.Debug|x64.Build.0 = Debug|Any CPU
		{E572AC04-5FDC-4C1D-9F01-9DAB73366C72}.Release|Any CPU.ActiveCfg = Release|Any CPU
		{E572AC04-5FDC-4C1D-9F01-9DAB73366C72}.Release|Any CPU.Build.0 = Release|Any CPU
		{E572AC04-5FDC-4C1D-9F01-9DAB73366C72}.Release|x64.ActiveCfg = Release|Any CPU
		{E572AC04-5FDC-4C1D-9F01-9DAB73366C72}.Release|x64.Build.0 = Release|Any CPU
		{FBCAF578-48F2-4FD4-BC92-5E94BE668A29}.Debug|Any CPU.ActiveCfg = Debug|x64
		{FBCAF578-48F2-4FD4-BC92-5E94BE668A29}.Debug|x64.ActiveCfg = Debug|x64
		{FBCAF578-48F2-4FD4-BC92-5E94BE668A29}.Debug|x64.Build.0 = Debug|x64
		{FBCAF578-48F2-4FD4-BC92-5E94BE668A29}.Release|Any CPU.ActiveCfg = Release|x64
		{FBCAF578-48F2-4FD4-BC92-5E94BE668A29}.Release|x64.ActiveCfg = Release|x64
		{FBCAF578-48F2-4FD4-BC92-5E94BE668A29}.Release|x64.Build.0 = Release|x64
		{F8837749-A737-4FAB-B235-1035E1BBA3C2}.Debug|Any CPU.ActiveCfg = Debug|Any CPU
		{F8837749-A737-4FAB-B235-1035E1BBA3C2}.Debug|Any CPU.Build.0 = Debug|Any CPU
		{F8837749-A737-4FAB-B235-1035E1BBA3C2}.Debug|x64.ActiveCfg = Debug|Any CPU
		{F8837749-A737-4FAB-B235-1035E1BBA3C2}.Debug|x64.Build.0 = Debug|Any CPU
		{F8837749-A737-4FAB-B235-1035E1BBA3C2}.Release|Any CPU.ActiveCfg = Release|Any CPU
		{F8837749-A737-4FAB-B235-1035E1BBA3C2}.Release|Any CPU.Build.0 = Release|Any CPU
		{F8837749-A737-4FAB-B235-1035E1BBA3C2}.Release|x64.ActiveCfg = Release|Any CPU
		{F8837749-A737-4FAB-B235-1035E1BBA3C2}.Release|x64.Build.0 = Release|Any CPU
		{F907D3BB-2F1A-4FA9-B543-2900515B22BE}.Debug|Any CPU.ActiveCfg = Debug|x64
		{F907D3BB-2F1A-4FA9-B543-2900515B22BE}.Debug|Any CPU.Build.0 = Debug|x64
		{F907D3BB-2F1A-4FA9-B543-2900515B22BE}.Debug|x64.ActiveCfg = Debug|x64
		{F907D3BB-2F1A-4FA9-B543-2900515B22BE}.Debug|x64.Build.0 = Debug|x64
		{F907D3BB-2F1A-4FA9-B543-2900515B22BE}.Release|Any CPU.ActiveCfg = Release|x64
		{F907D3BB-2F1A-4FA9-B543-2900515B22BE}.Release|Any CPU.Build.0 = Release|x64
		{F907D3BB-2F1A-4FA9-B543-2900515B22BE}.Release|x64.ActiveCfg = Release|x64
		{F907D3BB-2F1A-4FA9-B543-2900515B22BE}.Release|x64.Build.0 = Release|x64
		{DABB24E6-33E0-4D17-9B44-54F5459CA261}.Debug|Any CPU.ActiveCfg = Debug|Any CPU
		{DABB24E6-33E0-4D17-9B44-54F5459CA261}.Debug|Any CPU.Build.0 = Debug|Any CPU
		{DABB24E6-33E0-4D17-9B44-54F5459CA261}.Debug|x64.ActiveCfg = Debug|Any CPU
		{DABB24E6-33E0-4D17-9B44-54F5459CA261}.Debug|x64.Build.0 = Debug|Any CPU
		{DABB24E6-33E0-4D17-9B44-54F5459CA261}.Release|Any CPU.ActiveCfg = Release|Any CPU
		{DABB24E6-33E0-4D17-9B44-54F5459CA261}.Release|Any CPU.Build.0 = Release|Any CPU
		{DABB24E6-33E0-4D17-9B44-54F5459CA261}.Release|x64.ActiveCfg = Release|Any CPU
		{DABB24E6-33E0-4D17-9B44-54F5459CA261}.Release|x64.Build.0 = Release|Any CPU
		{95549903-12F8-45D0-B7EF-4484664DD198}.Debug|Any CPU.ActiveCfg = Debug|Any CPU
		{95549903-12F8-45D0-B7EF-4484664DD198}.Debug|Any CPU.Build.0 = Debug|Any CPU
		{95549903-12F8-45D0-B7EF-4484664DD198}.Debug|x64.ActiveCfg = Debug|Any CPU
		{95549903-12F8-45D0-B7EF-4484664DD198}.Debug|x64.Build.0 = Debug|Any CPU
		{95549903-12F8-45D0-B7EF-4484664DD198}.Release|Any CPU.ActiveCfg = Release|Any CPU
		{95549903-12F8-45D0-B7EF-4484664DD198}.Release|Any CPU.Build.0 = Release|Any CPU
		{95549903-12F8-45D0-B7EF-4484664DD198}.Release|x64.ActiveCfg = Release|Any CPU
		{95549903-12F8-45D0-B7EF-4484664DD198}.Release|x64.Build.0 = Release|Any CPU
		{DB3E46F4-A817-452B-B87D-C5FDB3AE018F}.Debug|Any CPU.ActiveCfg = Debug|Any CPU
		{DB3E46F4-A817-452B-B87D-C5FDB3AE018F}.Debug|Any CPU.Build.0 = Debug|Any CPU
		{DB3E46F4-A817-452B-B87D-C5FDB3AE018F}.Debug|x64.ActiveCfg = Debug|Any CPU
		{DB3E46F4-A817-452B-B87D-C5FDB3AE018F}.Debug|x64.Build.0 = Debug|Any CPU
		{DB3E46F4-A817-452B-B87D-C5FDB3AE018F}.Release|Any CPU.ActiveCfg = Release|Any CPU
		{DB3E46F4-A817-452B-B87D-C5FDB3AE018F}.Release|Any CPU.Build.0 = Release|Any CPU
		{DB3E46F4-A817-452B-B87D-C5FDB3AE018F}.Release|x64.ActiveCfg = Release|Any CPU
		{DB3E46F4-A817-452B-B87D-C5FDB3AE018F}.Release|x64.Build.0 = Release|Any CPU
		{BADC7852-EF28-4C71-B54A-D978DD11D40F}.Debug|Any CPU.ActiveCfg = Debug|Any CPU
		{BADC7852-EF28-4C71-B54A-D978DD11D40F}.Debug|Any CPU.Build.0 = Debug|Any CPU
		{BADC7852-EF28-4C71-B54A-D978DD11D40F}.Debug|x64.ActiveCfg = Debug|Any CPU
		{BADC7852-EF28-4C71-B54A-D978DD11D40F}.Debug|x64.Build.0 = Debug|Any CPU
		{BADC7852-EF28-4C71-B54A-D978DD11D40F}.Release|Any CPU.ActiveCfg = Release|Any CPU
		{BADC7852-EF28-4C71-B54A-D978DD11D40F}.Release|Any CPU.Build.0 = Release|Any CPU
		{BADC7852-EF28-4C71-B54A-D978DD11D40F}.Release|x64.ActiveCfg = Release|Any CPU
		{BADC7852-EF28-4C71-B54A-D978DD11D40F}.Release|x64.Build.0 = Release|Any CPU
		{83C0EA8C-5478-4130-9046-5F7EAB9014E6}.Debug|Any CPU.ActiveCfg = Debug|Any CPU
		{83C0EA8C-5478-4130-9046-5F7EAB9014E6}.Debug|Any CPU.Build.0 = Debug|Any CPU
		{83C0EA8C-5478-4130-9046-5F7EAB9014E6}.Debug|x64.ActiveCfg = Debug|Any CPU
		{83C0EA8C-5478-4130-9046-5F7EAB9014E6}.Debug|x64.Build.0 = Debug|Any CPU
		{83C0EA8C-5478-4130-9046-5F7EAB9014E6}.Release|Any CPU.ActiveCfg = Release|Any CPU
		{83C0EA8C-5478-4130-9046-5F7EAB9014E6}.Release|Any CPU.Build.0 = Release|Any CPU
		{83C0EA8C-5478-4130-9046-5F7EAB9014E6}.Release|x64.ActiveCfg = Release|Any CPU
		{83C0EA8C-5478-4130-9046-5F7EAB9014E6}.Release|x64.Build.0 = Release|Any CPU
		{67DACA8E-400C-4D2B-9374-FD41BDA33725}.Debug|Any CPU.ActiveCfg = Debug|Any CPU
		{67DACA8E-400C-4D2B-9374-FD41BDA33725}.Debug|Any CPU.Build.0 = Debug|Any CPU
		{67DACA8E-400C-4D2B-9374-FD41BDA33725}.Debug|x64.ActiveCfg = Debug|Any CPU
		{67DACA8E-400C-4D2B-9374-FD41BDA33725}.Debug|x64.Build.0 = Debug|Any CPU
		{67DACA8E-400C-4D2B-9374-FD41BDA33725}.Release|Any CPU.ActiveCfg = Release|Any CPU
		{67DACA8E-400C-4D2B-9374-FD41BDA33725}.Release|Any CPU.Build.0 = Release|Any CPU
		{67DACA8E-400C-4D2B-9374-FD41BDA33725}.Release|x64.ActiveCfg = Release|Any CPU
		{67DACA8E-400C-4D2B-9374-FD41BDA33725}.Release|x64.Build.0 = Release|Any CPU
		{FE89A825-D762-43D3-9AE5-CC5577E3FC15}.Debug|Any CPU.ActiveCfg = Debug|Any CPU
		{FE89A825-D762-43D3-9AE5-CC5577E3FC15}.Debug|Any CPU.Build.0 = Debug|Any CPU
		{FE89A825-D762-43D3-9AE5-CC5577E3FC15}.Debug|x64.ActiveCfg = Debug|Any CPU
		{FE89A825-D762-43D3-9AE5-CC5577E3FC15}.Debug|x64.Build.0 = Debug|Any CPU
		{FE89A825-D762-43D3-9AE5-CC5577E3FC15}.Release|Any CPU.ActiveCfg = Release|Any CPU
		{FE89A825-D762-43D3-9AE5-CC5577E3FC15}.Release|Any CPU.Build.0 = Release|Any CPU
		{FE89A825-D762-43D3-9AE5-CC5577E3FC15}.Release|x64.ActiveCfg = Release|Any CPU
		{FE89A825-D762-43D3-9AE5-CC5577E3FC15}.Release|x64.Build.0 = Release|Any CPU
		{40C770FE-A656-4219-9111-7DB3C92F2AEF}.Debug|Any CPU.ActiveCfg = Debug|Any CPU
		{40C770FE-A656-4219-9111-7DB3C92F2AEF}.Debug|Any CPU.Build.0 = Debug|Any CPU
		{40C770FE-A656-4219-9111-7DB3C92F2AEF}.Debug|x64.ActiveCfg = Debug|Any CPU
		{40C770FE-A656-4219-9111-7DB3C92F2AEF}.Debug|x64.Build.0 = Debug|Any CPU
		{40C770FE-A656-4219-9111-7DB3C92F2AEF}.Release|Any CPU.ActiveCfg = Release|Any CPU
		{40C770FE-A656-4219-9111-7DB3C92F2AEF}.Release|Any CPU.Build.0 = Release|Any CPU
		{40C770FE-A656-4219-9111-7DB3C92F2AEF}.Release|x64.ActiveCfg = Release|Any CPU
		{40C770FE-A656-4219-9111-7DB3C92F2AEF}.Release|x64.Build.0 = Release|Any CPU
		{DE68E982-D876-42EA-B1CA-66EB1F00D9FE}.Debug|Any CPU.ActiveCfg = Debug|Any CPU
		{DE68E982-D876-42EA-B1CA-66EB1F00D9FE}.Debug|Any CPU.Build.0 = Debug|Any CPU
		{DE68E982-D876-42EA-B1CA-66EB1F00D9FE}.Debug|x64.ActiveCfg = Debug|Any CPU
		{DE68E982-D876-42EA-B1CA-66EB1F00D9FE}.Debug|x64.Build.0 = Debug|Any CPU
		{DE68E982-D876-42EA-B1CA-66EB1F00D9FE}.Release|Any CPU.ActiveCfg = Release|Any CPU
		{DE68E982-D876-42EA-B1CA-66EB1F00D9FE}.Release|Any CPU.Build.0 = Release|Any CPU
		{DE68E982-D876-42EA-B1CA-66EB1F00D9FE}.Release|x64.ActiveCfg = Release|Any CPU
		{DE68E982-D876-42EA-B1CA-66EB1F00D9FE}.Release|x64.Build.0 = Release|Any CPU
		{BE41E27A-B0B2-4FE7-A38C-9E706EB4F78F}.Debug|Any CPU.ActiveCfg = Debug|Any CPU
		{BE41E27A-B0B2-4FE7-A38C-9E706EB4F78F}.Debug|Any CPU.Build.0 = Debug|Any CPU
		{BE41E27A-B0B2-4FE7-A38C-9E706EB4F78F}.Debug|x64.ActiveCfg = Debug|Any CPU
		{BE41E27A-B0B2-4FE7-A38C-9E706EB4F78F}.Debug|x64.Build.0 = Debug|Any CPU
		{BE41E27A-B0B2-4FE7-A38C-9E706EB4F78F}.Release|Any CPU.ActiveCfg = Release|Any CPU
		{BE41E27A-B0B2-4FE7-A38C-9E706EB4F78F}.Release|Any CPU.Build.0 = Release|Any CPU
		{BE41E27A-B0B2-4FE7-A38C-9E706EB4F78F}.Release|x64.ActiveCfg = Release|Any CPU
		{BE41E27A-B0B2-4FE7-A38C-9E706EB4F78F}.Release|x64.Build.0 = Release|Any CPU
		{6FF85682-1D01-49FA-A504-2CD4BF304E1E}.Debug|Any CPU.ActiveCfg = Debug|x64
		{6FF85682-1D01-49FA-A504-2CD4BF304E1E}.Debug|x64.ActiveCfg = Debug|x64
		{6FF85682-1D01-49FA-A504-2CD4BF304E1E}.Debug|x64.Build.0 = Debug|x64
		{6FF85682-1D01-49FA-A504-2CD4BF304E1E}.Release|Any CPU.ActiveCfg = Release|x64
		{6FF85682-1D01-49FA-A504-2CD4BF304E1E}.Release|x64.ActiveCfg = Release|x64
		{6FF85682-1D01-49FA-A504-2CD4BF304E1E}.Release|x64.Build.0 = Release|x64
	EndGlobalSection
	GlobalSection(SolutionProperties) = preSolution
		HideSolutionNode = FALSE
	EndGlobalSection
	GlobalSection(NestedProjects) = preSolution
		{7F5A0CAD-5978-4138-AC56-06152C80AE65} = {1E8DCCB5-D990-47E1-9CC9-74ECC59FE2FB}
		{E572AC04-5FDC-4C1D-9F01-9DAB73366C72} = {2D855D89-9F66-40E7-BE47-B5C23F7C72EC}
		{FBCAF578-48F2-4FD4-BC92-5E94BE668A29} = {35DD8D83-78D8-4047-8D20-17A1AF6F31DD}
		{F8837749-A737-4FAB-B235-1035E1BBA3C2} = {834250E5-88E3-4B8A-8F14-7FDD2659964E}
		{F907D3BB-2F1A-4FA9-B543-2900515B22BE} = {C423F1D4-2A09-493A-A458-BA787A8F4FBD}
		{DABB24E6-33E0-4D17-9B44-54F5459CA261} = {1E8DCCB5-D990-47E1-9CC9-74ECC59FE2FB}
		{DB3E46F4-A817-452B-B87D-C5FDB3AE018F} = {834250E5-88E3-4B8A-8F14-7FDD2659964E}
		{BADC7852-EF28-4C71-B54A-D978DD11D40F} = {C423F1D4-2A09-493A-A458-BA787A8F4FBD}
		{83C0EA8C-5478-4130-9046-5F7EAB9014E6} = {2D855D89-9F66-40E7-BE47-B5C23F7C72EC}
		{67DACA8E-400C-4D2B-9374-FD41BDA33725} = {834250E5-88E3-4B8A-8F14-7FDD2659964E}
		{FE89A825-D762-43D3-9AE5-CC5577E3FC15} = {C423F1D4-2A09-493A-A458-BA787A8F4FBD}
		{40C770FE-A656-4219-9111-7DB3C92F2AEF} = {1E8DCCB5-D990-47E1-9CC9-74ECC59FE2FB}
		{DE68E982-D876-42EA-B1CA-66EB1F00D9FE} = {4C18BB52-B769-434C-9FB9-FF4F6BFF7CD2}
		{BE41E27A-B0B2-4FE7-A38C-9E706EB4F78F} = {35DD8D83-78D8-4047-8D20-17A1AF6F31DD}
		{6FF85682-1D01-49FA-A504-2CD4BF304E1E} = {4C18BB52-B769-434C-9FB9-FF4F6BFF7CD2}
	EndGlobalSection
	GlobalSection(ExtensibilityGlobals) = postSolution
		SolutionGuid = {A491C2CA-7589-48AD-9D56-4ED9B84329FE}
	EndGlobalSection
EndGlobal
